
Microsoft Visual Studio Solution File, Format Version 12.00
# Visual Studio Version 17
VisualStudioVersion = 17.4.33213.308
MinimumVisualStudioVersion = 10.0.40219.1
Project("{FAE04EC0-301F-11D3-BF4B-00C04F79EFBC}") = "Duo Log Analyzer", "Duo Log Analyzer\Duo Log Analyzer.csproj", "{CB54169C-31EF-462E-97C6-09170A28CBC5}"
EndProject
Global
	GlobalSection(SolutionConfigurationPlatforms) = preSolution
		Debug|Any CPU = Debug|Any CPU
		Release|Any CPU = Release|Any CPU
	EndGlobalSection
	GlobalSection(ProjectConfigurationPlatforms) = postSolution
		{CB54169C-31EF-462E-97C6-09170A28CBC5}.Debug|Any CPU.ActiveCfg = Debug|Any CPU
		{CB54169C-31EF-462E-97C6-09170A28CBC5}.Debug|Any CPU.Build.0 = Debug|Any CPU
		{CB54169C-31EF-462E-97C6-09170A28CBC5}.Release|Any CPU.ActiveCfg = Debug|Any CPU
		{CB54169C-31EF-462E-97C6-09170A28CBC5}.Release|Any CPU.Build.0 = Debug|Any CPU
	EndGlobalSection
	GlobalSection(SolutionProperties) = preSolution
		HideSolutionNode = FALSE
	EndGlobalSection
	GlobalSection(ExtensibilityGlobals) = postSolution
		SolutionGuid = {A23D2CA9-224E-4A2A-A35B-A97FC1EB7446}
	EndGlobalSection
EndGlobal
